
Microsoft Visual Studio Solution File, Format Version 12.00
# Visual Studio Version 17
VisualStudioVersion = 17.5.33516.290
MinimumVisualStudioVersion = 10.0.40219.1
Project("{FAE04EC0-301F-11D3-BF4B-00C04F79EFBC}") = "BloggApi", "BloggApi\BloggApi.csproj", "{4020E14E-1A43-40BC-B1CF-93EB71A305ED}"
EndProject
Global
	GlobalSection(SolutionConfigurationPlatforms) = preSolution
		Debug|Any CPU = Debug|Any CPU
		Release|Any CPU = Release|Any CPU
	EndGlobalSection
	GlobalSection(ProjectConfigurationPlatforms) = postSolution
		{4020E14E-1A43-40BC-B1CF-93EB71A305ED}.Debug|Any CPU.ActiveCfg = Debug|Any CPU
		{4020E14E-1A43-40BC-B1CF-93EB71A305ED}.Debug|Any CPU.Build.0 = Debug|Any CPU
		{4020E14E-1A43-40BC-B1CF-93EB71A305ED}.Release|Any CPU.ActiveCfg = Release|Any CPU
		{4020E14E-1A43-40BC-B1CF-93EB71A305ED}.Release|Any CPU.Build.0 = Release|Any CPU
	EndGlobalSection
	GlobalSection(SolutionProperties) = preSolution
		HideSolutionNode = FALSE
	EndGlobalSection
	GlobalSection(ExtensibilityGlobals) = postSolution
		SolutionGuid = {8B032BA4-E19C-4131-830C-B5A26F8F6365}
	EndGlobalSection
EndGlobal
